
Microsoft Visual Studio Solution File, Format Version 12.00
# Visual Studio Version 17
VisualStudioVersion = 17.8.34408.163
MinimumVisualStudioVersion = 10.0.40219.1
Project("{FAE04EC0-301F-11D3-BF4B-00C04F79EFBC}") = "digitcounter", "digitcounter\digitcounter.csproj", "{FB635624-FF89-40B5-9F66-90BDB2D98C4D}"
EndProject
Global
	GlobalSection(SolutionConfigurationPlatforms) = preSolution
		Debug|Any CPU = Debug|Any CPU
		Release|Any CPU = Release|Any CPU
	EndGlobalSection
	GlobalSection(ProjectConfigurationPlatforms) = postSolution
		{FB635624-FF89-40B5-9F66-90BDB2D98C4D}.Debug|Any CPU.ActiveCfg = Debug|Any CPU
		{FB635624-FF89-40B5-9F66-90BDB2D98C4D}.Debug|Any CPU.Build.0 = Debug|Any CPU
		{FB635624-FF89-40B5-9F66-90BDB2D98C4D}.Release|Any CPU.ActiveCfg = Release|Any CPU
		{FB635624-FF89-40B5-9F66-90BDB2D98C4D}.Release|Any CPU.Build.0 = Release|Any CPU
	EndGlobalSection
	GlobalSection(SolutionProperties) = preSolution
		HideSolutionNode = FALSE
	EndGlobalSection
	GlobalSection(ExtensibilityGlobals) = postSolution
		SolutionGuid = {3BAD0CBD-36B3-4BBD-948F-9295CBCCCB4B}
	EndGlobalSection
EndGlobal
